[[dependencies]]
name = "@openzeppelin-contracts"
version = "5.2.0"
url = "https://soldeer-revisions.s3.amazonaws.com/@openzeppelin-contracts/5_2_0_11-01-2025_09:30:20_contracts.zip"
checksum = "6dbd0440446b2ed16ca25e9f1af08fc0c5c1e73e71fee86ae8a00daa774e3817"
integrity = "4cb7f3777f67fdf4b7d0e2f94d2f93f198b2e5dce718b7062ac7c2c83e1183bd"

[[dependencies]]
name = "cartesi-rollups-contracts"
version = "2.1.0-alpha.3"
url = "https://soldeer-revisions.s3.amazonaws.com/cartesi-rollups-contracts/2_1_0-alpha_3_27-10-2025_14:41:15_rollups-contracts.zip"
checksum = "c2a55c87fbf709844f8eaa3fc781473234a313994271a0d130c48ef3808b8ce2"
integrity = "fd4c92348e4635eb1efd667b3750626dbb5292b5e6795e8efd1c06b10387bb68"

[[dependencies]]
name = "forge-std"
version = "1.9.6"
url = "https://soldeer-revisions.s3.amazonaws.com/forge-std/1_9_6_01-02-2025_20:49:10_forge-std-1.9.zip"
checksum = "55f341818321b3f925161a72fd0dcd62e4a0a4b66785a7a932bf2bfaf96fb9d1"
integrity = "e9ecdc364d152157431e5df5aa041ffddbe9bb1c1ad81634b1e72df9e23814e8"
