[[dependencies]]
name = "@openzeppelin-contracts"
version = "5.2.0"
url = "https://soldeer-revisions.s3.amazonaws.com/@openzeppelin-contracts/5_2_0_11-01-2025_09:30:20_contracts.zip"
checksum = "6dbd0440446b2ed16ca25e9f1af08fc0c5c1e73e71fee86ae8a00daa774e3817"
integrity = "4cb7f3777f67fdf4b7d0e2f94d2f93f198b2e5dce718b7062ac7c2c83e1183bd"

[[dependencies]]
name = "cartesi-rollups-contracts"
version = "2.0.0-rc.17"
url = "https://soldeer-revisions.s3.amazonaws.com/cartesi-rollups-contracts/2_0_0-rc_17_28-03-2025_19:26:24_rollups-contracts.zip"
checksum = "72fed984d9d6464041fe038f9740c2ddb7eb478fc3959f050a0605e8d346fe08"
integrity = "6f9cdd1a1eedafe1d71e767492bbad9f6aaf5eec73b3bdd919152b6b65a6aa72"

[[dependencies]]
name = "forge-std"
version = "1.9.6"
url = "https://soldeer-revisions.s3.amazonaws.com/forge-std/1_9_6_01-02-2025_20:49:10_forge-std-1.9.zip"
checksum = "55f341818321b3f925161a72fd0dcd62e4a0a4b66785a7a932bf2bfaf96fb9d1"
integrity = "e9ecdc364d152157431e5df5aa041ffddbe9bb1c1ad81634b1e72df9e23814e8"
